
Microsoft Visual Studio Solution File, Format Version 12.00
# Visual Studio 15
VisualStudioVersion = 15.0.27130.2027
MinimumVisualStudioVersion = 10.0.40219.1
Project("{FAE04EC0-301F-11D3-BF4B-00C04F79EFBC}") = "WebView", "WebView\WebView.csproj", "{ABD7F945-6643-40C6-A5C1-54BFF1743FFF}"
EndProject
Project("{FAE04EC0-301F-11D3-BF4B-00C04F79EFBC}") = "DomainModel", "Business\DomainModel.csproj", "{440C466A-0A71-4E96-8DD5-B8742806A7E4}"
EndProject
Project("{2150E333-8FDC-42A3-9474-1A3956D46DE8}") = "3 - Domain", "3 - Domain", "{3A14A0A4-DD43-4D0B-BAF7-3BCB1BAF7B00}"
EndProject
Project("{2150E333-8FDC-42A3-9474-1A3956D46DE8}") = "4 - Infraestructure", "4 - Infraestructure", "{925C0870-A7F6-4FC3-A1C6-3316EDD4DD41}"
EndProject
Project("{2150E333-8FDC-42A3-9474-1A3956D46DE8}") = "2 - Services", "2 - Services", "{06369576-8F3C-4D35-9EA6-A4B748BDE203}"
EndProject
Project("{2150E333-8FDC-42A3-9474-1A3956D46DE8}") = "0 - Presentation", "0 - Presentation", "{9ADF7F79-F422-47D4-B506-1F486B5E5461}"
EndProject
Project("{2150E333-8FDC-42A3-9474-1A3956D46DE8}") = "1 - Application", "1 - Application", "{E2B3E6CF-9311-461B-9565-48F87F5E042B}"
EndProject
Project("{FAE04EC0-301F-11D3-BF4B-00C04F79EFBC}") = "DomainServices", "DomainServices\DomainServices.csproj", "{3E7860FD-CEF6-4A95-83D6-8737175C6836}"
EndProject
Project("{FAE04EC0-301F-11D3-BF4B-00C04F79EFBC}") = "Application", "Application\Application.csproj", "{5C9C485A-C0CB-4B48-A970-632D541EC4D5}"
EndProject
Project("{FAE04EC0-301F-11D3-BF4B-00C04F79EFBC}") = "Data", "Data\Data.csproj", "{4DE8302B-8D43-4FF0-9964-AF6BD8E6D4FF}"
EndProject
Project("{2150E333-8FDC-42A3-9474-1A3956D46DE8}") = "4.1 - Data", "4.1 - Data", "{884B2043-6D5E-49C7-A95C-33387177F10D}"
EndProject
Global
	GlobalSection(SolutionConfigurationPlatforms) = preSolution
		Debug|Any CPU = Debug|Any CPU
		Release|Any CPU = Release|Any CPU
	EndGlobalSection
	GlobalSection(ProjectConfigurationPlatforms) = postSolution
		{ABD7F945-6643-40C6-A5C1-54BFF1743FFF}.Debug|Any CPU.ActiveCfg = Debug|Any CPU
		{ABD7F945-6643-40C6-A5C1-54BFF1743FFF}.Debug|Any CPU.Build.0 = Debug|Any CPU
		{ABD7F945-6643-40C6-A5C1-54BFF1743FFF}.Release|Any CPU.ActiveCfg = Release|Any CPU
		{ABD7F945-6643-40C6-A5C1-54BFF1743FFF}.Release|Any CPU.Build.0 = Release|Any CPU
		{440C466A-0A71-4E96-8DD5-B8742806A7E4}.Debug|Any CPU.ActiveCfg = Debug|Any CPU
		{440C466A-0A71-4E96-8DD5-B8742806A7E4}.Debug|Any CPU.Build.0 = Debug|Any CPU
		{440C466A-0A71-4E96-8DD5-B8742806A7E4}.Release|Any CPU.ActiveCfg = Release|Any CPU
		{440C466A-0A71-4E96-8DD5-B8742806A7E4}.Release|Any CPU.Build.0 = Release|Any CPU
		{3E7860FD-CEF6-4A95-83D6-8737175C6836}.Debug|Any CPU.ActiveCfg = Debug|Any CPU
		{3E7860FD-CEF6-4A95-83D6-8737175C6836}.Debug|Any CPU.Build.0 = Debug|Any CPU
		{3E7860FD-CEF6-4A95-83D6-8737175C6836}.Release|Any CPU.ActiveCfg = Release|Any CPU
		{3E7860FD-CEF6-4A95-83D6-8737175C6836}.Release|Any CPU.Build.0 = Release|Any CPU
		{5C9C485A-C0CB-4B48-A970-632D541EC4D5}.Debug|Any CPU.ActiveCfg = Debug|Any CPU
		{5C9C485A-C0CB-4B48-A970-632D541EC4D5}.Debug|Any CPU.Build.0 = Debug|Any CPU
		{5C9C485A-C0CB-4B48-A970-632D541EC4D5}.Release|Any CPU.ActiveCfg = Release|Any CPU
		{5C9C485A-C0CB-4B48-A970-632D541EC4D5}.Release|Any CPU.Build.0 = Release|Any CPU
		{4DE8302B-8D43-4FF0-9964-AF6BD8E6D4FF}.Debug|Any CPU.ActiveCfg = Debug|Any CPU
		{4DE8302B-8D43-4FF0-9964-AF6BD8E6D4FF}.Debug|Any CPU.Build.0 = Debug|Any CPU
		{4DE8302B-8D43-4FF0-9964-AF6BD8E6D4FF}.Release|Any CPU.ActiveCfg = Release|Any CPU
		{4DE8302B-8D43-4FF0-9964-AF6BD8E6D4FF}.Release|Any CPU.Build.0 = Release|Any CPU
	EndGlobalSection
	GlobalSection(SolutionProperties) = preSolution
		HideSolutionNode = FALSE
	EndGlobalSection
	GlobalSection(NestedProjects) = preSolution
		{ABD7F945-6643-40C6-A5C1-54BFF1743FFF} = {9ADF7F79-F422-47D4-B506-1F486B5E5461}
		{440C466A-0A71-4E96-8DD5-B8742806A7E4} = {3A14A0A4-DD43-4D0B-BAF7-3BCB1BAF7B00}
		{3E7860FD-CEF6-4A95-83D6-8737175C6836} = {3A14A0A4-DD43-4D0B-BAF7-3BCB1BAF7B00}
		{5C9C485A-C0CB-4B48-A970-632D541EC4D5} = {E2B3E6CF-9311-461B-9565-48F87F5E042B}
		{4DE8302B-8D43-4FF0-9964-AF6BD8E6D4FF} = {884B2043-6D5E-49C7-A95C-33387177F10D}
		{884B2043-6D5E-49C7-A95C-33387177F10D} = {925C0870-A7F6-4FC3-A1C6-3316EDD4DD41}
	EndGlobalSection
	GlobalSection(ExtensibilityGlobals) = postSolution
		SolutionGuid = {6B210DFF-BCBF-44E4-8F23-F0A23E76F1A4}
	EndGlobalSection
EndGlobal
